{
  "pins" : [
    {
      "identity" : "drawsana",
      "kind" : "remoteSourceControl",
      "location" : "http://github.com/Asana/Drawsana",
      "state" : {
        "revision" : "8bf7c57ddb7e958315f1c1127cd92ba733cf5b10",
        "version" : "0.12.0"
      }
    },
    {
      "identity" : "sdwebimage",
      "kind" : "remoteSourceControl",
      "location" : "https://github.com/SDWebImage/SDWebImage.git",
      "state" : {
        "revision" : "6c6b951845a520fa7e8356e28adb5339c0f008d3",
        "version" : "5.15.0"
      }
    }
  ],
  "version" : 2
}
